
Microsoft Visual Studio Solution File, Format Version 12.00
# Visual Studio 15
VisualStudioVersion = 15.0.28307.852
MinimumVisualStudioVersion = 10.0.40219.1
Project("{FAE04EC0-301F-11D3-BF4B-00C04F79EFBC}") = "C4-Interfaces", "Plustuff-TC\C4-Interfaces.csproj", "{C9E5D96A-6BD1-4CF4-8925-80081B514CC6}"
EndProject
Project("{9A19103F-16F7-4668-BE54-9A1E7A4F7556}") = "C1-Acceso_Datos", "Acceso_Datos\C1-Acceso_Datos.csproj", "{32991ABC-5E03-47D8-A094-3358018B6C4C}"
EndProject
Project("{FAE04EC0-301F-11D3-BF4B-00C04F79EFBC}") = "C3-Servicios", "Servicios\C3-Servicios.csproj", "{2681E3BA-4499-41EB-90CA-AE828CAFB6E3}"
EndProject
Project("{FAE04EC0-301F-11D3-BF4B-00C04F79EFBC}") = "C2-Negocio", "C2-Negocio\C2-Negocio.csproj", "{F8153560-6651-48C1-A49B-3367D407E198}"
EndProject
Global
	GlobalSection(SolutionConfigurationPlatforms) = preSolution
		Debug|Any CPU = Debug|Any CPU
		Release|Any CPU = Release|Any CPU
	EndGlobalSection
	GlobalSection(ProjectConfigurationPlatforms) = postSolution
		{C9E5D96A-6BD1-4CF4-8925-80081B514CC6}.Debug|Any CPU.ActiveCfg = Debug|Any CPU
		{C9E5D96A-6BD1-4CF4-8925-80081B514CC6}.Debug|Any CPU.Build.0 = Debug|Any CPU
		{C9E5D96A-6BD1-4CF4-8925-80081B514CC6}.Release|Any CPU.ActiveCfg = Release|Any CPU
		{C9E5D96A-6BD1-4CF4-8925-80081B514CC6}.Release|Any CPU.Build.0 = Release|Any CPU
		{32991ABC-5E03-47D8-A094-3358018B6C4C}.Debug|Any CPU.ActiveCfg = Debug|Any CPU
		{32991ABC-5E03-47D8-A094-3358018B6C4C}.Debug|Any CPU.Build.0 = Debug|Any CPU
		{32991ABC-5E03-47D8-A094-3358018B6C4C}.Release|Any CPU.ActiveCfg = Release|Any CPU
		{32991ABC-5E03-47D8-A094-3358018B6C4C}.Release|Any CPU.Build.0 = Release|Any CPU
		{2681E3BA-4499-41EB-90CA-AE828CAFB6E3}.Debug|Any CPU.ActiveCfg = Debug|Any CPU
		{2681E3BA-4499-41EB-90CA-AE828CAFB6E3}.Debug|Any CPU.Build.0 = Debug|Any CPU
		{2681E3BA-4499-41EB-90CA-AE828CAFB6E3}.Release|Any CPU.ActiveCfg = Release|Any CPU
		{2681E3BA-4499-41EB-90CA-AE828CAFB6E3}.Release|Any CPU.Build.0 = Release|Any CPU
		{F8153560-6651-48C1-A49B-3367D407E198}.Debug|Any CPU.ActiveCfg = Debug|Any CPU
		{F8153560-6651-48C1-A49B-3367D407E198}.Debug|Any CPU.Build.0 = Debug|Any CPU
		{F8153560-6651-48C1-A49B-3367D407E198}.Release|Any CPU.ActiveCfg = Release|Any CPU
		{F8153560-6651-48C1-A49B-3367D407E198}.Release|Any CPU.Build.0 = Release|Any CPU
	EndGlobalSection
	GlobalSection(SolutionProperties) = preSolution
		HideSolutionNode = FALSE
	EndGlobalSection
	GlobalSection(ExtensibilityGlobals) = postSolution
		SolutionGuid = {A5040824-C913-43B6-8DEC-C97D0EA09A05}
	EndGlobalSection
EndGlobal
